Microsoft Visual Studio Solution File, Format Version 12.00
# Visual Studio Version 17
VisualStudioVersion = 17.5.2.0
MinimumVisualStudioVersion = 10.0.40219.1
Project("{FAE04EC0-301F-11D3-BF4B-00C04F79EFBC}") = "Avalanche.Tool", "Avalanche.Tool.csproj", "{8BDCA16A-FA78-3375-459B-507694858EAB}"
EndProject
Global
	GlobalSection(SolutionConfigurationPlatforms) = preSolution
		Debug|Any CPU = Debug|Any CPU
		Release|Any CPU = Release|Any CPU
	EndGlobalSection
	GlobalSection(ProjectConfigurationPlatforms) = postSolution
		{8BDCA16A-FA78-3375-459B-507694858EAB}.Debug|Any CPU.ActiveCfg = Debug|Any CPU
		{8BDCA16A-FA78-3375-459B-507694858EAB}.Debug|Any CPU.Build.0 = Debug|Any CPU
		{8BDCA16A-FA78-3375-459B-507694858EAB}.Release|Any CPU.ActiveCfg = Release|Any CPU
		{8BDCA16A-FA78-3375-459B-507694858EAB}.Release|Any CPU.Build.0 = Release|Any CPU
	EndGlobalSection
	GlobalSection(SolutionProperties) = preSolution
		HideSolutionNode = FALSE
	EndGlobalSection
	GlobalSection(ExtensibilityGlobals) = postSolution
		SolutionGuid = {CB538B27-AA02-4D0D-90F4-3C4BA299A789}
	EndGlobalSection
EndGlobal
